
Microsoft Visual Studio Solution File, Format Version 12.00
# Visual Studio 2012
Project("{FAE04EC0-301F-11D3-BF4B-00C04F79EFBC}") = "Core", "Core\Core.csproj", "{262D1B6F-1F03-47A0-A12F-8DFEC83ACEC9}"
EndProject
Project("{FAE04EC0-301F-11D3-BF4B-00C04F79EFBC}") = "Core.iOS", "iOS\Core.iOS.csproj", "{9EBD68C1-2541-4FB1-B593-2AEB9CE86D2E}"
EndProject
Project("{FAE04EC0-301F-11D3-BF4B-00C04F79EFBC}") = "Core.Droid", "Droid\Core.Droid.csproj", "{BDE616AD-FAD7-4072-B113-FB40662B4809}"
EndProject
Global
	GlobalSection(SolutionConfigurationPlatforms) = preSolution
		Debug|Any CPU = Debug|Any CPU
		Release|Any CPU = Release|Any CPU
		Debug|iPhoneSimulator = Debug|iPhoneSimulator
		Release|iPhone = Release|iPhone
		Release|iPhoneSimulator = Release|iPhoneSimulator
		Debug|iPhone = Debug|iPhone
	EndGlobalSection
	GlobalSection(ProjectConfigurationPlatforms) = postSolution
		{262D1B6F-1F03-47A0-A12F-8DFEC83ACEC9}.Debug|Any CPU.ActiveCfg = Debug|Any CPU
		{262D1B6F-1F03-47A0-A12F-8DFEC83ACEC9}.Debug|Any CPU.Build.0 = Debug|Any CPU
		{262D1B6F-1F03-47A0-A12F-8DFEC83ACEC9}.Release|Any CPU.ActiveCfg = Release|Any CPU
		{262D1B6F-1F03-47A0-A12F-8DFEC83ACEC9}.Release|Any CPU.Build.0 = Release|Any CPU
		{262D1B6F-1F03-47A0-A12F-8DFEC83ACEC9}.Debug|iPhoneSimulator.ActiveCfg = Debug|Any CPU
		{262D1B6F-1F03-47A0-A12F-8DFEC83ACEC9}.Debug|iPhoneSimulator.Build.0 = Debug|Any CPU
		{262D1B6F-1F03-47A0-A12F-8DFEC83ACEC9}.Release|iPhone.ActiveCfg = Release|Any CPU
		{262D1B6F-1F03-47A0-A12F-8DFEC83ACEC9}.Release|iPhone.Build.0 = Release|Any CPU
		{262D1B6F-1F03-47A0-A12F-8DFEC83ACEC9}.Release|iPhoneSimulator.ActiveCfg = Release|Any CPU
		{262D1B6F-1F03-47A0-A12F-8DFEC83ACEC9}.Release|iPhoneSimulator.Build.0 = Release|Any CPU
		{262D1B6F-1F03-47A0-A12F-8DFEC83ACEC9}.Debug|iPhone.ActiveCfg = Debug|Any CPU
		{262D1B6F-1F03-47A0-A12F-8DFEC83ACEC9}.Debug|iPhone.Build.0 = Debug|Any CPU
		{9EBD68C1-2541-4FB1-B593-2AEB9CE86D2E}.Debug|Any CPU.ActiveCfg = Debug|iPhoneSimulator
		{9EBD68C1-2541-4FB1-B593-2AEB9CE86D2E}.Debug|Any CPU.Build.0 = Debug|iPhoneSimulator
		{9EBD68C1-2541-4FB1-B593-2AEB9CE86D2E}.Release|Any CPU.ActiveCfg = Release|iPhone
		{9EBD68C1-2541-4FB1-B593-2AEB9CE86D2E}.Release|Any CPU.Build.0 = Release|iPhone
		{9EBD68C1-2541-4FB1-B593-2AEB9CE86D2E}.Debug|iPhoneSimulator.ActiveCfg = Debug|iPhoneSimulator
		{9EBD68C1-2541-4FB1-B593-2AEB9CE86D2E}.Debug|iPhoneSimulator.Build.0 = Debug|iPhoneSimulator
		{9EBD68C1-2541-4FB1-B593-2AEB9CE86D2E}.Release|iPhone.ActiveCfg = Release|iPhone
		{9EBD68C1-2541-4FB1-B593-2AEB9CE86D2E}.Release|iPhone.Build.0 = Release|iPhone
		{9EBD68C1-2541-4FB1-B593-2AEB9CE86D2E}.Release|iPhoneSimulator.ActiveCfg = Release|iPhoneSimulator
		{9EBD68C1-2541-4FB1-B593-2AEB9CE86D2E}.Release|iPhoneSimulator.Build.0 = Release|iPhoneSimulator
		{9EBD68C1-2541-4FB1-B593-2AEB9CE86D2E}.Debug|iPhone.ActiveCfg = Debug|iPhone
		{9EBD68C1-2541-4FB1-B593-2AEB9CE86D2E}.Debug|iPhone.Build.0 = Debug|iPhone
		{BDE616AD-FAD7-4072-B113-FB40662B4809}.Debug|Any CPU.ActiveCfg = Debug|Any CPU
		{BDE616AD-FAD7-4072-B113-FB40662B4809}.Debug|Any CPU.Build.0 = Debug|Any CPU
		{BDE616AD-FAD7-4072-B113-FB40662B4809}.Release|Any CPU.ActiveCfg = Release|Any CPU
		{BDE616AD-FAD7-4072-B113-FB40662B4809}.Release|Any CPU.Build.0 = Release|Any CPU
		{BDE616AD-FAD7-4072-B113-FB40662B4809}.Debug|iPhoneSimulator.ActiveCfg = Debug|Any CPU
		{BDE616AD-FAD7-4072-B113-FB40662B4809}.Debug|iPhoneSimulator.Build.0 = Debug|Any CPU
		{BDE616AD-FAD7-4072-B113-FB40662B4809}.Release|iPhone.ActiveCfg = Release|Any CPU
		{BDE616AD-FAD7-4072-B113-FB40662B4809}.Release|iPhone.Build.0 = Release|Any CPU
		{BDE616AD-FAD7-4072-B113-FB40662B4809}.Release|iPhoneSimulator.ActiveCfg = Release|Any CPU
		{BDE616AD-FAD7-4072-B113-FB40662B4809}.Release|iPhoneSimulator.Build.0 = Release|Any CPU
		{BDE616AD-FAD7-4072-B113-FB40662B4809}.Debug|iPhone.ActiveCfg = Debug|Any CPU
		{BDE616AD-FAD7-4072-B113-FB40662B4809}.Debug|iPhone.Build.0 = Debug|Any CPU
	EndGlobalSection
EndGlobal
